<?xml version="1.0" encoding="utf-8"?>
<Project ToolsVersion="4.0" xmlns="http://schemas.microsoft.com/developer/msbuild/2003">
  <ItemGroup>
    <Filter Include="File di origine">
      <UniqueIdentifier>{4FC737F1-C7A5-4376-A066-2A32D752A2FF}</UniqueIdentifier>
      <Extensions>cpp;c;cc;cxx;def;odl;idl;hpj;bat;asm;asmx</Extensions>
    </Filter>
    <Filter Include="File di intestazione">
      <UniqueIdentifier>{93995380-89BD-4b04-88EB-625FBE52EBFB}</UniqueIdentifier>
      <Extensions>h;hh;hpp;hxx;hm;inl;inc;xsd</Extensions>
    </Filter>
    <Filter Include="File di risorse">
      <UniqueIdentifier>{67DA6AB6-F800-4c08-8B7A-83BB121AAD01}</UniqueIdentifier>
      <Extensions>rc;ico;cur;bmp;dlg;rc2;rct;bin;rgs;gif;jpg;jpeg;jpe;resx;tiff;tif;png;wav;mfcribbon-ms</Extensions>
    </Filter>
  </ItemGroup>
  <ItemGroup>
    <ClInclude Include="Game.h">
      <Filter>File di intestazione</Filter>
    </ClInclude>
    <ClInclude Include="Shader.h">
      <Filter>File di intestazione</Filter>
    </ClInclude>
    <ClInclude Include="Texture.h">
      <Filter>File di intestazione</Filter>
    </ClInclude>
    <ClInclude Include="ResourceManager.h">
      <Filter>File di intestazione</Filter>
    </ClInclude>
    <ClInclude Include="SpriteRenderer.h">
      <Filter>File di intestazione</Filter>
    </ClInclude>
    <ClInclude Include="Camera.h">
      <Filter>File di intestazione</Filter>
    </ClInclude>
    <ClInclude Include="Mesh.h">
      <Filter>File di intestazione</Filter>
    </ClInclude>
    <ClInclude Include="Model.h">
      <Filter>File di intestazione</Filter>
    </ClInclude>
    <ClInclude Include="Piece.h">
      <Filter>File di intestazione</Filter>
    </ClInclude>
    <ClInclude Include="ChessGame.h">
      <Filter>File di intestazione</Filter>
    </ClInclude>
    <ClInclude Include="Chessboard.h">
      <Filter>File di intestazione</Filter>
    </ClInclude>
    <ClInclude Include="TextRenderer.h">
      <Filter>File di intestazione</Filter>
    </ClInclude>
    <ClInclude Include="Quad.h">
      <Filter>File di intestazione</Filter>
    </ClInclude>
    <ClInclude Include="PiecePawn.h">
      <Filter>File di intestazione</Filter>
    </ClInclude>
    <ClInclude Include="PieceRock.h">
      <Filter>File di intestazione</Filter>
    </ClInclude>
    <ClInclude Include="PieceBishop.h">
      <Filter>File di intestazione</Filter>
    </ClInclude>
    <ClInclude Include="PieceQueen.h">
      <Filter>File di intestazione</Filter>
    </ClInclude>
    <ClInclude Include="PieceKnight.h">
      <Filter>File di intestazione</Filter>
    </ClInclude>
    <ClInclude Include="PieceKing.h">
      <Filter>File di intestazione</Filter>
    </ClInclude>
  </ItemGroup>
  <ItemGroup>
    <ClCompile Include="Game.cpp">
      <Filter>File di origine</Filter>
    </ClCompile>
    <ClCompile Include="Shader.cpp">
      <Filter>File di origine</Filter>
    </ClCompile>
    <ClCompile Include="Texture.cpp">
      <Filter>File di origine</Filter>
    </ClCompile>
    <ClCompile Include="ResourceManager.cpp">
      <Filter>File di origine</Filter>
    </ClCompile>
    <ClCompile Include="main.cpp">
      <Filter>File di origine</Filter>
    </ClCompile>
    <ClCompile Include="SpriteRenderer.cpp">
      <Filter>File di origine</Filter>
    </ClCompile>
    <ClCompile Include="Camera.cpp">
      <Filter>File di origine</Filter>
    </ClCompile>
    <ClCompile Include="Mesh.cpp">
      <Filter>File di origine</Filter>
    </ClCompile>
    <ClCompile Include="Model.cpp">
      <Filter>File di origine</Filter>
    </ClCompile>
    <ClCompile Include="Piece.cpp">
      <Filter>File di origine</Filter>
    </ClCompile>
    <ClCompile Include="ChessGame.cpp">
      <Filter>File di origine</Filter>
    </ClCompile>
    <ClCompile Include="Chessboard.cpp">
      <Filter>File di origine</Filter>
    </ClCompile>
    <ClCompile Include="TextRenderer.cpp">
      <Filter>File di origine</Filter>
    </ClCompile>
    <ClCompile Include="Quad.cpp">
      <Filter>File di origine</Filter>
    </ClCompile>
    <ClCompile Include="PiecePawn.cpp">
      <Filter>File di origine</Filter>
    </ClCompile>
    <ClCompile Include="PieceRock.cpp">
      <Filter>File di origine</Filter>
    </ClCompile>
    <ClCompile Include="PieceBishop.cpp">
      <Filter>File di origine</Filter>
    </ClCompile>
    <ClCompile Include="PieceQueen.cpp">
      <Filter>File di origine</Filter>
    </ClCompile>
    <ClCompile Include="PieceKnight.cpp">
      <Filter>File di origine</Filter>
    </ClCompile>
    <ClCompile Include="PieceKing.cpp">
      <Filter>File di origine</Filter>
    </ClCompile>
  </ItemGroup>
</Project>